// !$*UTF8*$!
{
	archiveVersion = 1;
	classes = {
	};
	objectVersion = 56;
	objects = {

/* Begin PBXBuildFile section */
		D7F0AB0B2B82D000006A70B2 /* AppDelegate.swift in Sources */ = {isa = PBXBuildFile; fileRef = D7F0AB0A2B82D000006A70B2 /* AppDelegate.swift */; };
		D7F0AB0D2B82D000006A70B2 /* SceneDelegate.swift in Sources */ = {isa = PBXBuildFile; fileRef = D7F0AB0C2B82D000006A70B2 /* SceneDelegate.swift */; };
		D7F0AB0F2B82D001006A70B2 /* ViewController.swift in Sources */ = {isa = PBXBuildFile; fileRef = D7F0AB0E2B82D000006A70B2 /* ViewController.swift */; };
		D7F0AB122B82D001006A70B2 /* Main.storyboard in Resources */ = {isa = PBXBuildFile; fileRef = D7F0AB102B82D001006A70B2 /* Main.storyboard */; };
		D7F0AB142B82D002006A70B2 /* Assets.xcassets in Resources */ = {isa = PBXBuildFile; fileRef = D7F0AB132B82D002006A70B2 /* Assets.xcassets */; };
		D7F0AB172B82D002006A70B2 /* LaunchScreen.storyboard in Resources */ = {isa = PBXBuildFile; fileRef = D7F0AB152B82D002006A70B2 /* LaunchScreen.storyboard */; };
		D7F0AB1F2B82D227006A70B2 /* NavigationViewController.swift in Sources */ = {isa = PBXBuildFile; fileRef = D7F0AB1E2B82D227006A70B2 /* NavigationViewController.swift */; };
		D7F0AB222B82F9B0006A70B2 /* CurrencyLogic.swift in Sources */ = {isa = PBXBuildFile; fileRef = D7F0AB212B82F9B0006A70B2 /* CurrencyLogic.swift */; };
/* End PBXBuildFile section */

/* Begin PBXFileReference section */
		D7F0AB072B82D000006A70B2 /* M6Assignment.app */ = {isa = PBXFileReference; explicitFileType = wrapper.application; includeInIndex = 0; path = M6Assignment.app; sourceTree = BUILT_PRODUCTS_DIR; };
		D7F0AB0A2B82D000006A70B2 /* AppDelegate.swift */ = {isa = PBXFileReference; lastKnownFileType = sourcecode.swift; path = AppDelegate.swift; sourceTree = "<group>"; };
		D7F0AB0C2B82D000006A70B2 /* SceneDelegate.swift */ = {isa = PBXFileReference; lastKnownFileType = sourcecode.swift; path = SceneDelegate.swift; sourceTree = "<group>"; };
		D7F0AB0E2B82D000006A70B2 /* ViewController.swift */ = {isa = PBXFileReference; lastKnownFileType = sourcecode.swift; path = ViewController.swift; sourceTree = "<group>"; };
		D7F0AB112B82D001006A70B2 /* Base */ = {isa = PBXFileReference; lastKnownFileType = file.storyboard; name = Base; path = Base.lproj/Main.storyboard; sourceTree = "<group>"; };
		D7F0AB132B82D002006A70B2 /* Assets.xcassets */ = {isa = PBXFileReference; lastKnownFileType = folder.assetcatalog; path = Assets.xcassets; sourceTree = "<group>"; };
		D7F0AB162B82D002006A70B2 /* Base */ = {isa = PBXFileReference; lastKnownFileType = file.storyboard; name = Base; path = Base.lproj/LaunchScreen.storyboard; sourceTree = "<group>"; };
		D7F0AB182B82D002006A70B2 /* Info.plist */ = {isa = PBXFileReference; lastKnownFileType = text.plist.xml; path = Info.plist; sourceTree = "<group>"; };
		D7F0AB1E2B82D227006A70B2 /* NavigationViewController.swift */ = {isa = PBXFileReference; lastKnownFileType = sourcecode.swift; path = NavigationViewController.swift; sourceTree = "<group>"; };
		D7F0AB212B82F9B0006A70B2 /* CurrencyLogic.swift */ = {isa = PBXFileReference; lastKnownFileType = sourcecode.swift; path = CurrencyLogic.swift; sourceTree = "<group>"; };
/* End PBXFileReference section */

/* Begin PBXFrameworksBuildPhase section */
		D7F0AB042B82D000006A70B2 /* Frameworks */ = {
			isa = PBXFrameworksBuildPhase;
			buildActionMask = 2147483647;
			files = (
			);
			runOnlyForDeploymentPostprocessing = 0;
		};
/* End PBXFrameworksBuildPhase section */

/* Begin PBXGroup section */
		D7F0AAFE2B82D000006A70B2 = {
			isa = PBXGroup;
			children = (
				D7F0AB092B82D000006A70B2 /* M6Assignment */,
				D7F0AB082B82D000006A70B2 /* Products */,
			);
			sourceTree = "<group>";
		};
		D7F0AB082B82D000006A70B2 /* Products */ = {
			isa = PBXGroup;
			children = (
				D7F0AB072B82D000006A70B2 /* M6Assignment.app */,
			);
			name = Products;
			sourceTree = "<group>";
		};
		D7F0AB092B82D000006A70B2 /* M6Assignment */ = {
			isa = PBXGroup;
			children = (
				D7F0AB0A2B82D000006A70B2 /* AppDelegate.swift */,
				D7F0AB0C2B82D000006A70B2 /* SceneDelegate.swift */,
				D7F0AB242B82F9CD006A70B2 /* Model */,
				D7F0AB202B82F984006A70B2 /* View */,
				D7F0AB102B82D001006A70B2 /* Main.storyboard */,
				D7F0AB132B82D002006A70B2 /* Assets.xcassets */,
				D7F0AB152B82D002006A70B2 /* LaunchScreen.storyboard */,
				D7F0AB182B82D002006A70B2 /* Info.plist */,
			);
			path = M6Assignment;
			sourceTree = "<group>";
		};
		D7F0AB202B82F984006A70B2 /* View */ = {
			isa = PBXGroup;
			children = (
				D7F0AB1E2B82D227006A70B2 /* NavigationViewController.swift */,
				D7F0AB0E2B82D000006A70B2 /* ViewController.swift */,
			);
			path = View;
			sourceTree = "<group>";
		};
		D7F0AB242B82F9CD006A70B2 /* Model */ = {
			isa = PBXGroup;
			children = (
				D7F0AB212B82F9B0006A70B2 /* CurrencyLogic.swift */,
			);
			path = Model;
			sourceTree = "<group>";
		};
/* End PBXGroup section */

/* Begin PBXNativeTarget section */
		D7F0AB062B82D000006A70B2 /* M6Assignment */ = {
			isa = PBXNativeTarget;
			buildConfigurationList = D7F0AB1B2B82D002006A70B2 /* Build configuration list for PBXNativeTarget "M6Assignment" */;
			buildPhases = (
				D7F0AB032B82D000006A70B2 /* Sources */,
				D7F0AB042B82D000006A70B2 /* Frameworks */,
				D7F0AB052B82D000006A70B2 /* Resources */,
			);
			buildRules = (
			);
			dependencies = (
			);
			name = M6Assignment;
			productName = M6Assignment;
			productReference = D7F0AB072B82D000006A70B2 /* M6Assignment.app */;
			productType = "com.apple.product-type.application";
		};
/* End PBXNativeTarget section */

/* Begin PBXProject section */
		D7F0AAFF2B82D000006A70B2 /* Project object */ = {
			isa = PBXProject;
			attributes = {
				BuildIndependentTargetsInParallel = 1;
				LastSwiftUpdateCheck = 1520;
				LastUpgradeCheck = 1520;
				TargetAttributes = {
					D7F0AB062B82D000006A70B2 = {
						CreatedOnToolsVersion = 15.2;
					};
				};
			};
			buildConfigurationList = D7F0AB022B82D000006A70B2 /* Build configuration list for PBXProject "M6Assignment" */;
			compatibilityVersion = "Xcode 14.0";
			developmentRegion = en;
			hasScannedForEncodings = 0;
			knownRegions = (
				en,
				Base,
			);
			mainGroup = D7F0AAFE2B82D000006A70B2;
			productRefGroup = D7F0AB082B82D000006A70B2 /* Products */;
			projectDirPath = "";
			projectRoot = "";
			targets = (
				D7F0AB062B82D000006A70B2 /* M6Assignment */,
			);
		};
/* End PBXProject section */

/* Begin PBXResourcesBuildPhase section */
		D7F0AB052B82D000006A70B2 /* Resources */ = {
			isa = PBXResourcesBuildPhase;
			buildActionMask = 2147483647;
			files = (
				D7F0AB172B82D002006A70B2 /* LaunchScreen.storyboard in Resources */,
				D7F0AB142B82D002006A70B2 /* Assets.xcassets in Resources */,
				D7F0AB122B82D001006A70B2 /* Main.storyboard in Resources */,
			);
			runOnlyForDeploymentPostprocessing = 0;
		};
/* End PBXResourcesBuildPhase section */

/* Begin PBXSourcesBuildPhase section */
		D7F0AB032B82D000006A70B2 /* Sources */ = {
			isa = PBXSourcesBuildPhase;
			buildActionMask = 2147483647;
			files = (
				D7F0AB1F2B82D227006A70B2 /* NavigationViewController.swift in Sources */,
				D7F0AB0F2B82D001006A70B2 /* ViewController.swift in Sources */,
				D7F0AB0B2B82D000006A70B2 /* AppDelegate.swift in Sources */,
				D7F0AB0D2B82D000006A70B2 /* SceneDelegate.swift in Sources */,
				D7F0AB222B82F9B0006A70B2 /* CurrencyLogic.swift in Sources */,
			);
			runOnlyForDeploymentPostprocessing = 0;
		};
/* End PBXSourcesBuildPhase section */

/* Begin PBXVariantGroup section */
		D7F0AB102B82D001006A70B2 /* Main.storyboard */ = {
			isa = PBXVariantGroup;
			children = (
				D7F0AB112B82D001006A70B2 /* Base */,
			);
			name = Main.storyboard;
			sourceTree = "<group>";
		};
		D7F0AB152B82D002006A70B2 /* LaunchScreen.storyboard */ = {
			isa = PBXVariantGroup;
			children = (
				D7F0AB162B82D002006A70B2 /* Base */,
			);
			name = LaunchScreen.storyboard;
			sourceTree = "<group>";
		};
/* End PBXVariantGroup section */

/* Begin XCBuildConfiguration section */
		D7F0AB192B82D002006A70B2 /* Debug */ = {
			isa = XCBuildConfiguration;
			buildSettings = {
				ALWAYS_SEARCH_USER_PATHS = NO;
				ASSETCATALOG_COMPILER_GENERATE_SWIFT_ASSET_SYMBOL_EXTENSIONS = YES;
				CLANG_ANALYZER_NONNULL = YES;
				CLANG_ANALYZER_NUMBER_OBJECT_CONVERSION = YES_AGGRESSIVE;
				CLANG_CXX_LANGUAGE_STANDARD = "gnu++20";
				CLANG_ENABLE_MODULES = YES;
				CLANG_ENABLE_OBJC_ARC = YES;
				CLANG_ENABLE_OBJC_WEAK = YES;
				CLANG_WARN_BLOCK_CAPTURE_AUTORELEASING = YES;
				CLANG_WARN_BOOL_CONVERSION = YES;
				CLANG_WARN_COMMA = YES;
				CLANG_WARN_CONSTANT_CONVERSION = YES;
				CLANG_WARN_DEPRECATED_OBJC_IMPLEMENTATIONS = YES;
				CLANG_WARN_DIRECT_OBJC_ISA_USAGE = YES_ERROR;
				CLANG_WARN_DOCUMENTATION_COMMENTS = YES;
				CLANG_WARN_EMPTY_BODY = YES;
				CLANG_WARN_ENUM_CONVERSION = YES;
				CLANG_WARN_INFINITE_RECURSION = YES;
				CLANG_WARN_INT_CONVERSION = YES;
				CLANG_WARN_NON_LITERAL_NULL_CONVERSION = YES;
				CLANG_WARN_OBJC_IMPLICIT_RETAIN_SELF = YES;
				CLANG_WARN_OBJC_LITERAL_CONVERSION = YES;
				CLANG_WARN_OBJC_ROOT_CLASS = YES_ERROR;
				CLANG_WARN_QUOTED_INCLUDE_IN_FRAMEWORK_HEADER = YES;
				CLANG_WARN_RANGE_LOOP_ANALYSIS = YES;
				CLANG_WARN_STRICT_PROTOTYPES = YES;
				CLANG_WARN_SUSPICIOUS_MOVE = YES;
				CLANG_WARN_UNGUARDED_AVAILABILITY = YES_AGGRESSIVE;
				CLANG_WARN_UNREACHABLE_CODE = YES;
				CLANG_WARN__DUPLICATE_METHOD_MATCH = YES;
				COPY_PHASE_STRIP = NO;
				DEBUG_INFORMATION_FORMAT = dwarf;
				ENABLE_STRICT_OBJC_MSGSEND = YES;
				ENABLE_TESTABILITY = YES;
				ENABLE_USER_SCRIPT_SANDBOXING = YES;
				GCC_C_LANGUAGE_STANDARD = gnu17;
				GCC_DYNAMIC_NO_PIC = NO;
				GCC_NO_COMMON_BLOCKS = YES;
				GCC_OPTIMIZATION_LEVEL = 0;
				GCC_PREPROCESSOR_DEFINITIONS = (
					"DEBUG=1",
					"$(inherited)",
				);
				GCC_WARN_64_TO_32_BIT_CONVERSION = YES;
				GCC_WARN_ABOUT_RETURN_TYPE = YES_ERROR;
				GCC_WARN_UNDECLARED_SELECTOR = YES;
				GCC_WARN_UNINITIALIZED_AUTOS = YES_AGGRESSIVE;
				GCC_WARN_UNUSED_FUNCTION = YES;
				GCC_WARN_UNUSED_VARIABLE = YES;
				IPHONEOS_DEPLOYMENT_TARGET = 17.2;
				LOCALIZATION_PREFERS_STRING_CATALOGS = YES;
				MTL_ENABLE_DEBUG_INFO = INCLUDE_SOURCE;
				MTL_FAST_MATH = YES;
				ONLY_ACTIVE_ARCH = YES;
				SDKROOT = iphoneos;
				SWIFT_ACTIVE_COMPILATION_CONDITIONS = "DEBUG $(inherited)";
				SWIFT_OPTIMIZATION_LEVEL = "-Onone";
			};
			name = Debug;
		};
		D7F0AB1A2B82D002006A70B2 /* Release */ = {
			isa = XCBuildConfiguration;
			buildSettings = {
				ALWAYS_SEARCH_USER_PATHS = NO;
				ASSETCATALOG_COMPILER_GENERATE_SWIFT_ASSET_SYMBOL_EXTENSIONS = YES;
				CLANG_ANALYZER_NONNULL = YES;
				CLANG_ANALYZER_NUMBER_OBJECT_CONVERSION = YES_AGGRESSIVE;
				CLANG_CXX_LANGUAGE_STANDARD = "gnu++20";
				CLANG_ENABLE_MODULES = YES;
				CLANG_ENABLE_OBJC_ARC = YES;
				CLANG_ENABLE_OBJC_WEAK = YES;
				CLANG_WARN_BLOCK_CAPTURE_AUTORELEASING = YES;
				CLANG_WARN_BOOL_CONVERSION = YES;
				CLANG_WARN_COMMA = YES;
				CLANG_WARN_CONSTANT_CONVERSION = YES;
				CLANG_WARN_DEPRECATED_OBJC_IMPLEMENTATIONS = YES;
				CLANG_WARN_DIRECT_OBJC_ISA_USAGE = YES_ERROR;
				CLANG_WARN_DOCUMENTATION_COMMENTS = YES;
				CLANG_WARN_EMPTY_BODY = YES;
				CLANG_WARN_ENUM_CONVERSION = YES;
				CLANG_WARN_INFINITE_RECURSION = YES;
				CLANG_WARN_INT_CONVERSION = YES;
				CLANG_WARN_NON_LITERAL_NULL_CONVERSION = YES;
				CLANG_WARN_OBJC_IMPLICIT_RETAIN_SELF = YES;
				CLANG_WARN_OBJC_LITERAL_CONVERSION = YES;
				CLANG_WARN_OBJC_ROOT_CLASS = YES_ERROR;
				CLANG_WARN_QUOTED_INCLUDE_IN_FRAMEWORK_HEADER = YES;
				CLANG_WARN_RANGE_LOOP_ANALYSIS = YES;
				CLANG_WARN_STRICT_PROTOTYPES = YES;
				CLANG_WARN_SUSPICIOUS_MOVE = YES;
				CLANG_WARN_UNGUARDED_AVAILABILITY = YES_AGGRESSIVE;
				CLANG_WARN_UNREACHABLE_CODE = YES;
				CLANG_WARN__DUPLICATE_METHOD_MATCH = YES;
				COPY_PHASE_STRIP = NO;
				DEBUG_INFORMATION_FORMAT = "dwarf-with-dsym";
				ENABLE_NS_ASSERTIONS = NO;
				ENABLE_STRICT_OBJC_MSGSEND = YES;
				ENABLE_USER_SCRIPT_SANDBOXING = YES;
				GCC_C_LANGUAGE_STANDARD = gnu17;
				GCC_NO_COMMON_BLOCKS = YES;
				GCC_WARN_64_TO_32_BIT_CONVERSION = YES;
				GCC_WARN_ABOUT_RETURN_TYPE = YES_ERROR;
				GCC_WARN_UNDECLARED_SELECTOR = YES;
				GCC_WARN_UNINITIALIZED_AUTOS = YES_AGGRESSIVE;
				GCC_WARN_UNUSED_FUNCTION = YES;
				GCC_WARN_UNUSED_VARIABLE = YES;
				IPHONEOS_DEPLOYMENT_TARGET = 17.2;
				LOCALIZATION_PREFERS_STRING_CATALOGS = YES;
				MTL_ENABLE_DEBUG_INFO = NO;
				MTL_FAST_MATH = YES;
				SDKROOT = iphoneos;
				SWIFT_COMPILATION_MODE = wholemodule;
				VALIDATE_PRODUCT = YES;
			};
			name = Release;
		};
		D7F0AB1C2B82D002006A70B2 /* Debug */ = {
			isa = XCBuildConfiguration;
			buildSettings = {
				ASSETCATALOG_COMPILER_APPICON_NAME = AppIcon;
				ASSETCATALOG_COMPILER_GLOBAL_ACCENT_COLOR_NAME = AccentColor;
				CODE_SIGN_STYLE = Automatic;
				CURRENT_PROJECT_VERSION = 1;
				GENERATE_INFOPLIST_FILE = YES;
				INFOPLIST_FILE = M6Assignment/Info.plist;
				INFOPLIST_KEY_UIApplicationSupportsIndirectInputEvents = YES;
				INFOPLIST_KEY_UILaunchStoryboardName = LaunchScreen;
				INFOPLIST_KEY_UIMainStoryboardFile = Main;
				INFOPLIST_KEY_UISupportedInterfaceOrientations_iPad = "UIInterfaceOrientationPortrait UIInterfaceOrientationPortraitUpsideDown UIInterfaceOrientationLandscapeLeft UIInterfaceOrientationLandscapeRight";
				INFOPLIST_KEY_UISupportedInterfaceOrientations_iPhone = "UIInterfaceOrientationPortrait UIInterfaceOrientationLandscapeLeft UIInterfaceOrientationLandscapeRight";
				LD_RUNPATH_SEARCH_PATHS = (
					"$(inherited)",
					"@executable_path/Frameworks",
				);
				MARKETING_VERSION = 1.0;
				PRODUCT_BUNDLE_IDENTIFIER = edu.auburn.ejd0052.M6Assignment;
				PRODUCT_NAME = "$(TARGET_NAME)";
				SWIFT_EMIT_LOC_STRINGS = YES;
				SWIFT_VERSION = 5.0;
				TARGETED_DEVICE_FAMILY = "1,2";
			};
			name = Debug;
		};
		D7F0AB1D2B82D002006A70B2 /* Release */ = {
			isa = XCBuildConfiguration;
			buildSettings = {
				ASSETCATALOG_COMPILER_APPICON_NAME = AppIcon;
				ASSETCATALOG_COMPILER_GLOBAL_ACCENT_COLOR_NAME = AccentColor;
				CODE_SIGN_STYLE = Automatic;
				CURRENT_PROJECT_VERSION = 1;
				GENERATE_INFOPLIST_FILE = YES;
				INFOPLIST_FILE = M6Assignment/Info.plist;
				INFOPLIST_KEY_UIApplicationSupportsIndirectInputEvents = YES;
				INFOPLIST_KEY_UILaunchStoryboardName = LaunchScreen;
				INFOPLIST_KEY_UIMainStoryboardFile = Main;
				INFOPLIST_KEY_UISupportedInterfaceOrientations_iPad = "UIInterfaceOrientationPortrait UIInterfaceOrientationPortraitUpsideDown UIInterfaceOrientationLandscapeLeft UIInterfaceOrientationLandscapeRight";
				INFOPLIST_KEY_UISupportedInterfaceOrientations_iPhone = "UIInterfaceOrientationPortrait UIInterfaceOrientationLandscapeLeft UIInterfaceOrientationLandscapeRight";
				LD_RUNPATH_SEARCH_PATHS = (
					"$(inherited)",
					"@executable_path/Frameworks",
				);
				MARKETING_VERSION = 1.0;
				PRODUCT_BUNDLE_IDENTIFIER = edu.auburn.ejd0052.M6Assignment;
				PRODUCT_NAME = "$(TARGET_NAME)";
				SWIFT_EMIT_LOC_STRINGS = YES;
				SWIFT_VERSION = 5.0;
				TARGETED_DEVICE_FAMILY = "1,2";
			};
			name = Release;
		};
/* End XCBuildConfiguration section */

/* Begin XCConfigurationList section */
		D7F0AB022B82D000006A70B2 /* Build configuration list for PBXProject "M6Assignment" */ = {
			isa = XCConfigurationList;
			buildConfigurations = (
				D7F0AB192B82D002006A70B2 /* Debug */,
				D7F0AB1A2B82D002006A70B2 /* Release */,
			);
			defaultConfigurationIsVisible = 0;
			defaultConfigurationName = Release;
		};
		D7F0AB1B2B82D002006A70B2 /* Build configuration list for PBXNativeTarget "M6Assignment" */ = {
			isa = XCConfigurationList;
			buildConfigurations = (
				D7F0AB1C2B82D002006A70B2 /* Debug */,
				D7F0AB1D2B82D002006A70B2 /* Release */,
			);
			defaultConfigurationIsVisible = 0;
			defaultConfigurationName = Release;
		};
/* End XCConfigurationList section */
	};
	rootObject = D7F0AAFF2B82D000006A70B2 /* Project object */;
}
